
Microsoft Visual Studio Solution File, Format Version 12.00
# Visual Studio Version 17
VisualStudioVersion = 17.9.34728.123
MinimumVisualStudioVersion = 10.0.40219.1
Project("{9A19103F-16F7-4668-BE54-9A1E7A4F7556}") = "Exercise1", "Exercise1\Exercise1.csproj", "{65D073EE-1A8E-409A-A70A-E67B95254C47}"
EndProject
Project("{9A19103F-16F7-4668-BE54-9A1E7A4F7556}") = "Exercise2", "Exercise2\Exercise2.csproj", "{8970A443-3FA5-490F-B2FA-F8A03B77BB6B}"
EndProject
Project("{FAE04EC0-301F-11D3-BF4B-00C04F79EFBC}") = "Exercise3", "Exercise3\Exercise3.csproj", "{78846239-FDA7-4E57-AC98-4D00E3791FA2}"
EndProject
Project("{FAE04EC0-301F-11D3-BF4B-00C04F79EFBC}") = "Exercise4", "Exercise4\Exercise4.csproj", "{DF8B415A-BB91-4762-9565-71ECFB569C02}"
EndProject
Project("{FAE04EC0-301F-11D3-BF4B-00C04F79EFBC}") = "Exercise5", "Exercise5\Exercise5.csproj", "{DA891606-5B6D-40A7-B20F-E6EC353C5807}"
EndProject
Project("{FAE04EC0-301F-11D3-BF4B-00C04F79EFBC}") = "Exercise6", "Exercise6\Exercise6.csproj", "{661A7CFE-0AB5-4850-8429-02F802F869E6}"
EndProject
Project("{FAE04EC0-301F-11D3-BF4B-00C04F79EFBC}") = "Exercise7", "Exercise7\Exercise7.csproj", "{BD01E504-1309-4F32-BF34-060B953680BD}"
EndProject
Project("{FAE04EC0-301F-11D3-BF4B-00C04F79EFBC}") = "Exercise8", "Exercise8\Exercise8.csproj", "{397F7A3F-63F3-46A0-8533-59D79CF746E6}"
EndProject
Project("{FAE04EC0-301F-11D3-BF4B-00C04F79EFBC}") = "Exercise9", "Exercise9\Exercise9.csproj", "{1A3FA51F-3F19-4EFD-BBBA-6A4EB871B43A}"
EndProject
Project("{FAE04EC0-301F-11D3-BF4B-00C04F79EFBC}") = "Exercise10", "Exercise10\Exercise10.csproj", "{4BBB9ED0-D4C2-47B1-8EC5-AE9CF06E084F}"
EndProject
Project("{FAE04EC0-301F-11D3-BF4B-00C04F79EFBC}") = "Exercise11", "Exercise11\Exercise11.csproj", "{6DF80486-D35F-418A-8975-4F8B6DD3B012}"
EndProject
Project("{FAE04EC0-301F-11D3-BF4B-00C04F79EFBC}") = "Exercise12", "Exercise12\Exercise12.csproj", "{97D774B9-F1CF-408D-B247-9FD3C39AAC47}"
EndProject
Project("{FAE04EC0-301F-11D3-BF4B-00C04F79EFBC}") = "Exercise13", "Exercise13\Exercise13.csproj", "{A2F9C7C4-BECD-4AB6-BEE3-1EA1BA884DC4}"
EndProject
Project("{FAE04EC0-301F-11D3-BF4B-00C04F79EFBC}") = "Exercise14", "Exercise14\Exercise14.csproj", "{A4551FEC-00D0-4C34-B5EC-863C1AD987BF}"
EndProject
Project("{FAE04EC0-301F-11D3-BF4B-00C04F79EFBC}") = "Exercise15", "Exercise15\Exercise15.csproj", "{FC47219D-A34D-420C-B798-6843A095E482}"
EndProject
Project("{FAE04EC0-301F-11D3-BF4B-00C04F79EFBC}") = "Exercise16", "Exercise16\Exercise16.csproj", "{120EF890-64AA-49ED-852F-DCCF9F732300}"
EndProject
Project("{FAE04EC0-301F-11D3-BF4B-00C04F79EFBC}") = "Exercise17", "Exercise17\Exercise17.csproj", "{EFCED5D9-C631-4C5C-9F5D-2CF35E172559}"
EndProject
Project("{FAE04EC0-301F-11D3-BF4B-00C04F79EFBC}") = "Exercise18", "Exercise18\Exercise18.csproj", "{7B17EC25-1F7B-441F-A648-B654FAB947C0}"
EndProject
Project("{FAE04EC0-301F-11D3-BF4B-00C04F79EFBC}") = "Exercise19", "Exercise19\Exercise19.csproj", "{DC402510-229B-4CF3-8884-15A5001E41A6}"
EndProject
Project("{FAE04EC0-301F-11D3-BF4B-00C04F79EFBC}") = "Exercise20", "Exercise20\Exercise20.csproj", "{F0EF28E6-7C43-45C2-833E-DE12F69774DD}"
EndProject
Project("{FAE04EC0-301F-11D3-BF4B-00C04F79EFBC}") = "Exercise21", "Exercise21\Exercise21.csproj", "{D4507976-B4A1-4BA3-BD6A-8850AF0BC38E}"
EndProject
Project("{FAE04EC0-301F-11D3-BF4B-00C04F79EFBC}") = "Exercise22", "Exercise22\Exercise22.csproj", "{B40B5DE6-A281-4BC3-BDCB-D02FFD266E50}"
EndProject
Project("{FAE04EC0-301F-11D3-BF4B-00C04F79EFBC}") = "Exercise23", "Exercise23\Exercise23.csproj", "{1EE1E433-2C6C-4290-90FC-1E41ECE2695E}"
EndProject
Project("{FAE04EC0-301F-11D3-BF4B-00C04F79EFBC}") = "Exercise24", "Exercise24\Exercise24.csproj", "{8D83D531-4530-42B1-8E79-9083F660F8A3}"
EndProject
Project("{FAE04EC0-301F-11D3-BF4B-00C04F79EFBC}") = "Exercise25", "Exercise25\Exercise25.csproj", "{97EEDDBD-A45A-4972-B458-C610F32DB20C}"
EndProject
Project("{FAE04EC0-301F-11D3-BF4B-00C04F79EFBC}") = "Exercise26", "Exercise26\Exercise26.csproj", "{456867D1-3D53-491D-83AB-8390B9F20EEE}"
EndProject
Project("{FAE04EC0-301F-11D3-BF4B-00C04F79EFBC}") = "Exercise27", "Exercise27\Exercise27.csproj", "{906A74A6-66DC-4929-8FB3-B40666EEE879}"
EndProject
Project("{FAE04EC0-301F-11D3-BF4B-00C04F79EFBC}") = "Exercise28", "Exercise28\Exercise28.csproj", "{4B07F7F1-8566-4F76-9094-23ACFFAE7DC7}"
EndProject
Project("{FAE04EC0-301F-11D3-BF4B-00C04F79EFBC}") = "Exercise29", "Exercise29\Exercise29.csproj", "{920FBBBA-3FD3-4358-8E3A-A1A6711DC79D}"
EndProject
Project("{FAE04EC0-301F-11D3-BF4B-00C04F79EFBC}") = "Exercise30", "Exercise30\Exercise30.csproj", "{2750760A-EDDC-4855-9EA5-C06F3377CBE6}"
EndProject
Project("{FAE04EC0-301F-11D3-BF4B-00C04F79EFBC}") = "Exercise31", "Exercise31\Exercise31.csproj", "{C9E4C58E-0139-40C7-9F17-CBFE375F1F6E}"
EndProject
Project("{FAE04EC0-301F-11D3-BF4B-00C04F79EFBC}") = "Exercise32", "Exercise32\Exercise32.csproj", "{493E2186-8727-4C4A-BE13-8BCB72B9E6BA}"
EndProject
Project("{FAE04EC0-301F-11D3-BF4B-00C04F79EFBC}") = "Exercise33", "Exercise33\Exercise33.csproj", "{D5397D01-01AE-4D91-864C-B8143869B24F}"
EndProject
Project("{FAE04EC0-301F-11D3-BF4B-00C04F79EFBC}") = "Exercise34", "Exercise34\Exercise34.csproj", "{E9839D53-59E0-40EB-84BA-3DAF6F9AD80C}"
EndProject
Project("{FAE04EC0-301F-11D3-BF4B-00C04F79EFBC}") = "Exercise35", "Exercise35\Exercise35.csproj", "{BF34F1BD-D663-44C3-AEC0-214A7CDA855C}"
EndProject
Project("{FAE04EC0-301F-11D3-BF4B-00C04F79EFBC}") = "Exercise36", "Exercise36\Exercise36.csproj", "{4B46BBE5-54F0-4402-BF0E-DCAC2455D1C4}"
EndProject
Project("{FAE04EC0-301F-11D3-BF4B-00C04F79EFBC}") = "Exercise37", "Exercise37\Exercise37.csproj", "{47450F9F-A93F-4C99-83D5-43DBA1569DDA}"
EndProject
Project("{FAE04EC0-301F-11D3-BF4B-00C04F79EFBC}") = "Exercise38", "Exercise38\Exercise38.csproj", "{55092111-92EB-426C-9718-BA133A264F02}"
EndProject
Project("{FAE04EC0-301F-11D3-BF4B-00C04F79EFBC}") = "Exercise39", "Exercise39\Exercise39.csproj", "{D971236A-D1F1-4D7E-BEF6-1535CBD7EDB1}"
EndProject
Project("{FAE04EC0-301F-11D3-BF4B-00C04F79EFBC}") = "Exercise40", "Exercise40\Exercise40.csproj", "{A6F31BD1-9440-4618-B80A-DFD91E77814A}"
EndProject
Project("{FAE04EC0-301F-11D3-BF4B-00C04F79EFBC}") = "Exercise41", "Exercise41\Exercise41.csproj", "{2D2376F6-7B41-42B0-B8A7-CE866528A011}"
EndProject
Project("{FAE04EC0-301F-11D3-BF4B-00C04F79EFBC}") = "Exercise42", "Exercise42\Exercise42.csproj", "{4A952E6B-AAB6-47FA-8C6B-651DC541F6EC}"
EndProject
Project("{FAE04EC0-301F-11D3-BF4B-00C04F79EFBC}") = "Exercise43", "Exercise43\Exercise43.csproj", "{7759CB37-A371-4BCC-A6D7-5A7AAF6D6D80}"
EndProject
Project("{FAE04EC0-301F-11D3-BF4B-00C04F79EFBC}") = "Exercise44", "Exercise44\Exercise44.csproj", "{04067635-675D-492F-9AA9-4094A9979B6A}"
EndProject
Project("{FAE04EC0-301F-11D3-BF4B-00C04F79EFBC}") = "Exercise45", "Exercise45\Exercise45.csproj", "{33F894A7-21CB-4A9D-B17F-1D43066246EA}"
EndProject
Project("{FAE04EC0-301F-11D3-BF4B-00C04F79EFBC}") = "Exercise46", "Exercise46\Exercise46.csproj", "{C4819887-6EFB-4BD6-8182-EDEE07FAA7F0}"
EndProject
Project("{FAE04EC0-301F-11D3-BF4B-00C04F79EFBC}") = "Exercise47", "Exercise47\Exercise47.csproj", "{11814389-718D-43B3-89AA-B5BCDDDDBD23}"
EndProject
Project("{FAE04EC0-301F-11D3-BF4B-00C04F79EFBC}") = "Exercise48", "Exercise48\Exercise48.csproj", "{8191172C-7388-4A0D-8BB6-15377DB6AAAB}"
EndProject
Project("{FAE04EC0-301F-11D3-BF4B-00C04F79EFBC}") = "Exercise49", "Exercise49\Exercise49.csproj", "{FD30E47E-C161-4839-92E6-A442F160A8E4}"
EndProject
Project("{FAE04EC0-301F-11D3-BF4B-00C04F79EFBC}") = "Exercise50", "Exercise50\Exercise50.csproj", "{8A6CF8DE-CCE6-4F0A-954A-8E32A052A27B}"
EndProject
Project("{FAE04EC0-301F-11D3-BF4B-00C04F79EFBC}") = "Exercise51", "Exercise51\Exercise51.csproj", "{57F67749-D9FC-4954-B51D-CCA170008EDC}"
EndProject
Project("{FAE04EC0-301F-11D3-BF4B-00C04F79EFBC}") = "Exercise52", "Exercise52\Exercise52.csproj", "{E3A06240-D7DA-40ED-91DC-8533A1004FA9}"
EndProject
Project("{FAE04EC0-301F-11D3-BF4B-00C04F79EFBC}") = "Exercise53", "Exercise53\Exercise53.csproj", "{8BE0F043-A3EA-436F-85C2-8DE0E0D938EC}"
EndProject
Project("{FAE04EC0-301F-11D3-BF4B-00C04F79EFBC}") = "Exercise54", "Exercise54\Exercise54.csproj", "{3F4ADF84-8190-4354-9CEB-C554036BFA48}"
EndProject
Project("{FAE04EC0-301F-11D3-BF4B-00C04F79EFBC}") = "Exercise55", "Exercise55\Exercise55.csproj", "{3A3B739C-666C-4FFC-9616-9AA401BBFEA3}"
EndProject
Project("{FAE04EC0-301F-11D3-BF4B-00C04F79EFBC}") = "Exercise56", "Exercise56\Exercise56.csproj", "{3E6DACC2-E567-4639-9A6B-537D32E6D293}"
EndProject
Project("{FAE04EC0-301F-11D3-BF4B-00C04F79EFBC}") = "Exercise57", "Exercise57\Exercise57.csproj", "{F675176F-531F-431B-A4FA-4403EBF99CB0}"
EndProject
Project("{FAE04EC0-301F-11D3-BF4B-00C04F79EFBC}") = "Exercise58", "Exercise58\Exercise58.csproj", "{7124A4ED-9198-4C21-90B8-ECA74F471AF4}"
EndProject
Project("{FAE04EC0-301F-11D3-BF4B-00C04F79EFBC}") = "Exercise59", "Exercise59\Exercise59.csproj", "{80F49A27-4580-4ECE-9E17-8D1954B0A90F}"
EndProject
Project("{FAE04EC0-301F-11D3-BF4B-00C04F79EFBC}") = "Exercise60", "Exercise60\Exercise60.csproj", "{142E34A4-6B6B-4D78-AA56-5DDC6E4D0C18}"
EndProject
Project("{FAE04EC0-301F-11D3-BF4B-00C04F79EFBC}") = "Exercise61", "Exercise61\Exercise61.csproj", "{ADAD0891-149F-4BF8-A03B-07079DF03436}"
EndProject
Project("{FAE04EC0-301F-11D3-BF4B-00C04F79EFBC}") = "Exercise62", "Exercise62\Exercise62.csproj", "{A80E047F-B843-409E-ACDE-1812BB6BC7C1}"
EndProject
Global
	GlobalSection(SolutionConfigurationPlatforms) = preSolution
		Debug|Any CPU = Debug|Any CPU
		Release|Any CPU = Release|Any CPU
	EndGlobalSection
	GlobalSection(ProjectConfigurationPlatforms) = postSolution
		{65D073EE-1A8E-409A-A70A-E67B95254C47}.Debug|Any CPU.ActiveCfg = Debug|Any CPU
		{65D073EE-1A8E-409A-A70A-E67B95254C47}.Debug|Any CPU.Build.0 = Debug|Any CPU
		{65D073EE-1A8E-409A-A70A-E67B95254C47}.Release|Any CPU.ActiveCfg = Release|Any CPU
		{65D073EE-1A8E-409A-A70A-E67B95254C47}.Release|Any CPU.Build.0 = Release|Any CPU
		{8970A443-3FA5-490F-B2FA-F8A03B77BB6B}.Debug|Any CPU.ActiveCfg = Debug|Any CPU
		{8970A443-3FA5-490F-B2FA-F8A03B77BB6B}.Debug|Any CPU.Build.0 = Debug|Any CPU
		{8970A443-3FA5-490F-B2FA-F8A03B77BB6B}.Release|Any CPU.ActiveCfg = Release|Any CPU
		{8970A443-3FA5-490F-B2FA-F8A03B77BB6B}.Release|Any CPU.Build.0 = Release|Any CPU
		{78846239-FDA7-4E57-AC98-4D00E3791FA2}.Debug|Any CPU.ActiveCfg = Debug|Any CPU
		{78846239-FDA7-4E57-AC98-4D00E3791FA2}.Debug|Any CPU.Build.0 = Debug|Any CPU
		{78846239-FDA7-4E57-AC98-4D00E3791FA2}.Release|Any CPU.ActiveCfg = Release|Any CPU
		{78846239-FDA7-4E57-AC98-4D00E3791FA2}.Release|Any CPU.Build.0 = Release|Any CPU
		{DF8B415A-BB91-4762-9565-71ECFB569C02}.Debug|Any CPU.ActiveCfg = Debug|Any CPU
		{DF8B415A-BB91-4762-9565-71ECFB569C02}.Debug|Any CPU.Build.0 = Debug|Any CPU
		{DF8B415A-BB91-4762-9565-71ECFB569C02}.Release|Any CPU.ActiveCfg = Release|Any CPU
		{DF8B415A-BB91-4762-9565-71ECFB569C02}.Release|Any CPU.Build.0 = Release|Any CPU
		{DA891606-5B6D-40A7-B20F-E6EC353C5807}.Debug|Any CPU.ActiveCfg = Debug|Any CPU
		{DA891606-5B6D-40A7-B20F-E6EC353C5807}.Debug|Any CPU.Build.0 = Debug|Any CPU
		{DA891606-5B6D-40A7-B20F-E6EC353C5807}.Release|Any CPU.ActiveCfg = Release|Any CPU
		{DA891606-5B6D-40A7-B20F-E6EC353C5807}.Release|Any CPU.Build.0 = Release|Any CPU
		{661A7CFE-0AB5-4850-8429-02F802F869E6}.Debug|Any CPU.ActiveCfg = Debug|Any CPU
		{661A7CFE-0AB5-4850-8429-02F802F869E6}.Debug|Any CPU.Build.0 = Debug|Any CPU
		{661A7CFE-0AB5-4850-8429-02F802F869E6}.Release|Any CPU.ActiveCfg = Release|Any CPU
		{661A7CFE-0AB5-4850-8429-02F802F869E6}.Release|Any CPU.Build.0 = Release|Any CPU
		{BD01E504-1309-4F32-BF34-060B953680BD}.Debug|Any CPU.ActiveCfg = Debug|Any CPU
		{BD01E504-1309-4F32-BF34-060B953680BD}.Debug|Any CPU.Build.0 = Debug|Any CPU
		{BD01E504-1309-4F32-BF34-060B953680BD}.Release|Any CPU.ActiveCfg = Release|Any CPU
		{BD01E504-1309-4F32-BF34-060B953680BD}.Release|Any CPU.Build.0 = Release|Any CPU
		{397F7A3F-63F3-46A0-8533-59D79CF746E6}.Debug|Any CPU.ActiveCfg = Debug|Any CPU
		{397F7A3F-63F3-46A0-8533-59D79CF746E6}.Debug|Any CPU.Build.0 = Debug|Any CPU
		{397F7A3F-63F3-46A0-8533-59D79CF746E6}.Release|Any CPU.ActiveCfg = Release|Any CPU
		{397F7A3F-63F3-46A0-8533-59D79CF746E6}.Release|Any CPU.Build.0 = Release|Any CPU
		{1A3FA51F-3F19-4EFD-BBBA-6A4EB871B43A}.Debug|Any CPU.ActiveCfg = Debug|Any CPU
		{1A3FA51F-3F19-4EFD-BBBA-6A4EB871B43A}.Debug|Any CPU.Build.0 = Debug|Any CPU
		{1A3FA51F-3F19-4EFD-BBBA-6A4EB871B43A}.Release|Any CPU.ActiveCfg = Release|Any CPU
		{1A3FA51F-3F19-4EFD-BBBA-6A4EB871B43A}.Release|Any CPU.Build.0 = Release|Any CPU
		{4BBB9ED0-D4C2-47B1-8EC5-AE9CF06E084F}.Debug|Any CPU.ActiveCfg = Debug|Any CPU
		{4BBB9ED0-D4C2-47B1-8EC5-AE9CF06E084F}.Debug|Any CPU.Build.0 = Debug|Any CPU
		{4BBB9ED0-D4C2-47B1-8EC5-AE9CF06E084F}.Release|Any CPU.ActiveCfg = Release|Any CPU
		{4BBB9ED0-D4C2-47B1-8EC5-AE9CF06E084F}.Release|Any CPU.Build.0 = Release|Any CPU
		{6DF80486-D35F-418A-8975-4F8B6DD3B012}.Debug|Any CPU.ActiveCfg = Debug|Any CPU
		{6DF80486-D35F-418A-8975-4F8B6DD3B012}.Debug|Any CPU.Build.0 = Debug|Any CPU
		{6DF80486-D35F-418A-8975-4F8B6DD3B012}.Release|Any CPU.ActiveCfg = Release|Any CPU
		{6DF80486-D35F-418A-8975-4F8B6DD3B012}.Release|Any CPU.Build.0 = Release|Any CPU
		{97D774B9-F1CF-408D-B247-9FD3C39AAC47}.Debug|Any CPU.ActiveCfg = Debug|Any CPU
		{97D774B9-F1CF-408D-B247-9FD3C39AAC47}.Debug|Any CPU.Build.0 = Debug|Any CPU
		{97D774B9-F1CF-408D-B247-9FD3C39AAC47}.Release|Any CPU.ActiveCfg = Release|Any CPU
		{97D774B9-F1CF-408D-B247-9FD3C39AAC47}.Release|Any CPU.Build.0 = Release|Any CPU
		{A2F9C7C4-BECD-4AB6-BEE3-1EA1BA884DC4}.Debug|Any CPU.ActiveCfg = Debug|Any CPU
		{A2F9C7C4-BECD-4AB6-BEE3-1EA1BA884DC4}.Debug|Any CPU.Build.0 = Debug|Any CPU
		{A2F9C7C4-BECD-4AB6-BEE3-1EA1BA884DC4}.Release|Any CPU.ActiveCfg = Release|Any CPU
		{A2F9C7C4-BECD-4AB6-BEE3-1EA1BA884DC4}.Release|Any CPU.Build.0 = Release|Any CPU
		{A4551FEC-00D0-4C34-B5EC-863C1AD987BF}.Debug|Any CPU.ActiveCfg = Debug|Any CPU
		{A4551FEC-00D0-4C34-B5EC-863C1AD987BF}.Debug|Any CPU.Build.0 = Debug|Any CPU
		{A4551FEC-00D0-4C34-B5EC-863C1AD987BF}.Release|Any CPU.ActiveCfg = Release|Any CPU
		{A4551FEC-00D0-4C34-B5EC-863C1AD987BF}.Release|Any CPU.Build.0 = Release|Any CPU
		{FC47219D-A34D-420C-B798-6843A095E482}.Debug|Any CPU.ActiveCfg = Debug|Any CPU
		{FC47219D-A34D-420C-B798-6843A095E482}.Debug|Any CPU.Build.0 = Debug|Any CPU
		{FC47219D-A34D-420C-B798-6843A095E482}.Release|Any CPU.ActiveCfg = Release|Any CPU
		{FC47219D-A34D-420C-B798-6843A095E482}.Release|Any CPU.Build.0 = Release|Any CPU
		{120EF890-64AA-49ED-852F-DCCF9F732300}.Debug|Any CPU.ActiveCfg = Debug|Any CPU
		{120EF890-64AA-49ED-852F-DCCF9F732300}.Debug|Any CPU.Build.0 = Debug|Any CPU
		{120EF890-64AA-49ED-852F-DCCF9F732300}.Release|Any CPU.ActiveCfg = Release|Any CPU
		{120EF890-64AA-49ED-852F-DCCF9F732300}.Release|Any CPU.Build.0 = Release|Any CPU
		{EFCED5D9-C631-4C5C-9F5D-2CF35E172559}.Debug|Any CPU.ActiveCfg = Debug|Any CPU
		{EFCED5D9-C631-4C5C-9F5D-2CF35E172559}.Debug|Any CPU.Build.0 = Debug|Any CPU
		{EFCED5D9-C631-4C5C-9F5D-2CF35E172559}.Release|Any CPU.ActiveCfg = Release|Any CPU
		{EFCED5D9-C631-4C5C-9F5D-2CF35E172559}.Release|Any CPU.Build.0 = Release|Any CPU
		{7B17EC25-1F7B-441F-A648-B654FAB947C0}.Debug|Any CPU.ActiveCfg = Debug|Any CPU
		{7B17EC25-1F7B-441F-A648-B654FAB947C0}.Debug|Any CPU.Build.0 = Debug|Any CPU
		{7B17EC25-1F7B-441F-A648-B654FAB947C0}.Release|Any CPU.ActiveCfg = Release|Any CPU
		{7B17EC25-1F7B-441F-A648-B654FAB947C0}.Release|Any CPU.Build.0 = Release|Any CPU
		{DC402510-229B-4CF3-8884-15A5001E41A6}.Debug|Any CPU.ActiveCfg = Debug|Any CPU
		{DC402510-229B-4CF3-8884-15A5001E41A6}.Debug|Any CPU.Build.0 = Debug|Any CPU
		{DC402510-229B-4CF3-8884-15A5001E41A6}.Release|Any CPU.ActiveCfg = Release|Any CPU
		{DC402510-229B-4CF3-8884-15A5001E41A6}.Release|Any CPU.Build.0 = Release|Any CPU
		{F0EF28E6-7C43-45C2-833E-DE12F69774DD}.Debug|Any CPU.ActiveCfg = Debug|Any CPU
		{F0EF28E6-7C43-45C2-833E-DE12F69774DD}.Debug|Any CPU.Build.0 = Debug|Any CPU
		{F0EF28E6-7C43-45C2-833E-DE12F69774DD}.Release|Any CPU.ActiveCfg = Release|Any CPU
		{F0EF28E6-7C43-45C2-833E-DE12F69774DD}.Release|Any CPU.Build.0 = Release|Any CPU
		{D4507976-B4A1-4BA3-BD6A-8850AF0BC38E}.Debug|Any CPU.ActiveCfg = Debug|Any CPU
		{D4507976-B4A1-4BA3-BD6A-8850AF0BC38E}.Debug|Any CPU.Build.0 = Debug|Any CPU
		{D4507976-B4A1-4BA3-BD6A-8850AF0BC38E}.Release|Any CPU.ActiveCfg = Release|Any CPU
		{D4507976-B4A1-4BA3-BD6A-8850AF0BC38E}.Release|Any CPU.Build.0 = Release|Any CPU
		{B40B5DE6-A281-4BC3-BDCB-D02FFD266E50}.Debug|Any CPU.ActiveCfg = Debug|Any CPU
		{B40B5DE6-A281-4BC3-BDCB-D02FFD266E50}.Debug|Any CPU.Build.0 = Debug|Any CPU
		{B40B5DE6-A281-4BC3-BDCB-D02FFD266E50}.Release|Any CPU.ActiveCfg = Release|Any CPU
		{B40B5DE6-A281-4BC3-BDCB-D02FFD266E50}.Release|Any CPU.Build.0 = Release|Any CPU
		{1EE1E433-2C6C-4290-90FC-1E41ECE2695E}.Debug|Any CPU.ActiveCfg = Debug|Any CPU
		{1EE1E433-2C6C-4290-90FC-1E41ECE2695E}.Debug|Any CPU.Build.0 = Debug|Any CPU
		{1EE1E433-2C6C-4290-90FC-1E41ECE2695E}.Release|Any CPU.ActiveCfg = Release|Any CPU
		{1EE1E433-2C6C-4290-90FC-1E41ECE2695E}.Release|Any CPU.Build.0 = Release|Any CPU
		{8D83D531-4530-42B1-8E79-9083F660F8A3}.Debug|Any CPU.ActiveCfg = Debug|Any CPU
		{8D83D531-4530-42B1-8E79-9083F660F8A3}.Debug|Any CPU.Build.0 = Debug|Any CPU
		{8D83D531-4530-42B1-8E79-9083F660F8A3}.Release|Any CPU.ActiveCfg = Release|Any CPU
		{8D83D531-4530-42B1-8E79-9083F660F8A3}.Release|Any CPU.Build.0 = Release|Any CPU
		{97EEDDBD-A45A-4972-B458-C610F32DB20C}.Debug|Any CPU.ActiveCfg = Debug|Any CPU
		{97EEDDBD-A45A-4972-B458-C610F32DB20C}.Debug|Any CPU.Build.0 = Debug|Any CPU
		{97EEDDBD-A45A-4972-B458-C610F32DB20C}.Release|Any CPU.ActiveCfg = Release|Any CPU
		{97EEDDBD-A45A-4972-B458-C610F32DB20C}.Release|Any CPU.Build.0 = Release|Any CPU
		{456867D1-3D53-491D-83AB-8390B9F20EEE}.Debug|Any CPU.ActiveCfg = Debug|Any CPU
		{456867D1-3D53-491D-83AB-8390B9F20EEE}.Debug|Any CPU.Build.0 = Debug|Any CPU
		{456867D1-3D53-491D-83AB-8390B9F20EEE}.Release|Any CPU.ActiveCfg = Release|Any CPU
		{456867D1-3D53-491D-83AB-8390B9F20EEE}.Release|Any CPU.Build.0 = Release|Any CPU
		{906A74A6-66DC-4929-8FB3-B40666EEE879}.Debug|Any CPU.ActiveCfg = Debug|Any CPU
		{906A74A6-66DC-4929-8FB3-B40666EEE879}.Debug|Any CPU.Build.0 = Debug|Any CPU
		{906A74A6-66DC-4929-8FB3-B40666EEE879}.Release|Any CPU.ActiveCfg = Release|Any CPU
		{906A74A6-66DC-4929-8FB3-B40666EEE879}.Release|Any CPU.Build.0 = Release|Any CPU
		{4B07F7F1-8566-4F76-9094-23ACFFAE7DC7}.Debug|Any CPU.ActiveCfg = Debug|Any CPU
		{4B07F7F1-8566-4F76-9094-23ACFFAE7DC7}.Debug|Any CPU.Build.0 = Debug|Any CPU
		{4B07F7F1-8566-4F76-9094-23ACFFAE7DC7}.Release|Any CPU.ActiveCfg = Release|Any CPU
		{4B07F7F1-8566-4F76-9094-23ACFFAE7DC7}.Release|Any CPU.Build.0 = Release|Any CPU
		{920FBBBA-3FD3-4358-8E3A-A1A6711DC79D}.Debug|Any CPU.ActiveCfg = Debug|Any CPU
		{920FBBBA-3FD3-4358-8E3A-A1A6711DC79D}.Debug|Any CPU.Build.0 = Debug|Any CPU
		{920FBBBA-3FD3-4358-8E3A-A1A6711DC79D}.Release|Any CPU.ActiveCfg = Release|Any CPU
		{920FBBBA-3FD3-4358-8E3A-A1A6711DC79D}.Release|Any CPU.Build.0 = Release|Any CPU
		{2750760A-EDDC-4855-9EA5-C06F3377CBE6}.Debug|Any CPU.ActiveCfg = Debug|Any CPU
		{2750760A-EDDC-4855-9EA5-C06F3377CBE6}.Debug|Any CPU.Build.0 = Debug|Any CPU
		{2750760A-EDDC-4855-9EA5-C06F3377CBE6}.Release|Any CPU.ActiveCfg = Release|Any CPU
		{2750760A-EDDC-4855-9EA5-C06F3377CBE6}.Release|Any CPU.Build.0 = Release|Any CPU
		{C9E4C58E-0139-40C7-9F17-CBFE375F1F6E}.Debug|Any CPU.ActiveCfg = Debug|Any CPU
		{C9E4C58E-0139-40C7-9F17-CBFE375F1F6E}.Debug|Any CPU.Build.0 = Debug|Any CPU
		{C9E4C58E-0139-40C7-9F17-CBFE375F1F6E}.Release|Any CPU.ActiveCfg = Release|Any CPU
		{C9E4C58E-0139-40C7-9F17-CBFE375F1F6E}.Release|Any CPU.Build.0 = Release|Any CPU
		{493E2186-8727-4C4A-BE13-8BCB72B9E6BA}.Debug|Any CPU.ActiveCfg = Debug|Any CPU
		{493E2186-8727-4C4A-BE13-8BCB72B9E6BA}.Debug|Any CPU.Build.0 = Debug|Any CPU
		{493E2186-8727-4C4A-BE13-8BCB72B9E6BA}.Release|Any CPU.ActiveCfg = Release|Any CPU
		{493E2186-8727-4C4A-BE13-8BCB72B9E6BA}.Release|Any CPU.Build.0 = Release|Any CPU
		{D5397D01-01AE-4D91-864C-B8143869B24F}.Debug|Any CPU.ActiveCfg = Debug|Any CPU
		{D5397D01-01AE-4D91-864C-B8143869B24F}.Debug|Any CPU.Build.0 = Debug|Any CPU
		{D5397D01-01AE-4D91-864C-B8143869B24F}.Release|Any CPU.ActiveCfg = Release|Any CPU
		{D5397D01-01AE-4D91-864C-B8143869B24F}.Release|Any CPU.Build.0 = Release|Any CPU
		{E9839D53-59E0-40EB-84BA-3DAF6F9AD80C}.Debug|Any CPU.ActiveCfg = Debug|Any CPU
		{E9839D53-59E0-40EB-84BA-3DAF6F9AD80C}.Debug|Any CPU.Build.0 = Debug|Any CPU
		{E9839D53-59E0-40EB-84BA-3DAF6F9AD80C}.Release|Any CPU.ActiveCfg = Release|Any CPU
		{E9839D53-59E0-40EB-84BA-3DAF6F9AD80C}.Release|Any CPU.Build.0 = Release|Any CPU
		{BF34F1BD-D663-44C3-AEC0-214A7CDA855C}.Debug|Any CPU.ActiveCfg = Debug|Any CPU
		{BF34F1BD-D663-44C3-AEC0-214A7CDA855C}.Debug|Any CPU.Build.0 = Debug|Any CPU
		{BF34F1BD-D663-44C3-AEC0-214A7CDA855C}.Release|Any CPU.ActiveCfg = Release|Any CPU
		{BF34F1BD-D663-44C3-AEC0-214A7CDA855C}.Release|Any CPU.Build.0 = Release|Any CPU
		{4B46BBE5-54F0-4402-BF0E-DCAC2455D1C4}.Debug|Any CPU.ActiveCfg = Debug|Any CPU
		{4B46BBE5-54F0-4402-BF0E-DCAC2455D1C4}.Debug|Any CPU.Build.0 = Debug|Any CPU
		{4B46BBE5-54F0-4402-BF0E-DCAC2455D1C4}.Release|Any CPU.ActiveCfg = Release|Any CPU
		{4B46BBE5-54F0-4402-BF0E-DCAC2455D1C4}.Release|Any CPU.Build.0 = Release|Any CPU
		{47450F9F-A93F-4C99-83D5-43DBA1569DDA}.Debug|Any CPU.ActiveCfg = Debug|Any CPU
		{47450F9F-A93F-4C99-83D5-43DBA1569DDA}.Debug|Any CPU.Build.0 = Debug|Any CPU
		{47450F9F-A93F-4C99-83D5-43DBA1569DDA}.Release|Any CPU.ActiveCfg = Release|Any CPU
		{47450F9F-A93F-4C99-83D5-43DBA1569DDA}.Release|Any CPU.Build.0 = Release|Any CPU
		{55092111-92EB-426C-9718-BA133A264F02}.Debug|Any CPU.ActiveCfg = Debug|Any CPU
		{55092111-92EB-426C-9718-BA133A264F02}.Debug|Any CPU.Build.0 = Debug|Any CPU
		{55092111-92EB-426C-9718-BA133A264F02}.Release|Any CPU.ActiveCfg = Release|Any CPU
		{55092111-92EB-426C-9718-BA133A264F02}.Release|Any CPU.Build.0 = Release|Any CPU
		{D971236A-D1F1-4D7E-BEF6-1535CBD7EDB1}.Debug|Any CPU.ActiveCfg = Debug|Any CPU
		{D971236A-D1F1-4D7E-BEF6-1535CBD7EDB1}.Debug|Any CPU.Build.0 = Debug|Any CPU
		{D971236A-D1F1-4D7E-BEF6-1535CBD7EDB1}.Release|Any CPU.ActiveCfg = Release|Any CPU
		{D971236A-D1F1-4D7E-BEF6-1535CBD7EDB1}.Release|Any CPU.Build.0 = Release|Any CPU
		{A6F31BD1-9440-4618-B80A-DFD91E77814A}.Debug|Any CPU.ActiveCfg = Debug|Any CPU
		{A6F31BD1-9440-4618-B80A-DFD91E77814A}.Debug|Any CPU.Build.0 = Debug|Any CPU
		{A6F31BD1-9440-4618-B80A-DFD91E77814A}.Release|Any CPU.ActiveCfg = Release|Any CPU
		{A6F31BD1-9440-4618-B80A-DFD91E77814A}.Release|Any CPU.Build.0 = Release|Any CPU
		{2D2376F6-7B41-42B0-B8A7-CE866528A011}.Debug|Any CPU.ActiveCfg = Debug|Any CPU
		{2D2376F6-7B41-42B0-B8A7-CE866528A011}.Debug|Any CPU.Build.0 = Debug|Any CPU
		{2D2376F6-7B41-42B0-B8A7-CE866528A011}.Release|Any CPU.ActiveCfg = Release|Any CPU
		{2D2376F6-7B41-42B0-B8A7-CE866528A011}.Release|Any CPU.Build.0 = Release|Any CPU
		{4A952E6B-AAB6-47FA-8C6B-651DC541F6EC}.Debug|Any CPU.ActiveCfg = Debug|Any CPU
		{4A952E6B-AAB6-47FA-8C6B-651DC541F6EC}.Debug|Any CPU.Build.0 = Debug|Any CPU
		{4A952E6B-AAB6-47FA-8C6B-651DC541F6EC}.Release|Any CPU.ActiveCfg = Release|Any CPU
		{4A952E6B-AAB6-47FA-8C6B-651DC541F6EC}.Release|Any CPU.Build.0 = Release|Any CPU
		{7759CB37-A371-4BCC-A6D7-5A7AAF6D6D80}.Debug|Any CPU.ActiveCfg = Debug|Any CPU
		{7759CB37-A371-4BCC-A6D7-5A7AAF6D6D80}.Debug|Any CPU.Build.0 = Debug|Any CPU
		{7759CB37-A371-4BCC-A6D7-5A7AAF6D6D80}.Release|Any CPU.ActiveCfg = Release|Any CPU
		{7759CB37-A371-4BCC-A6D7-5A7AAF6D6D80}.Release|Any CPU.Build.0 = Release|Any CPU
		{04067635-675D-492F-9AA9-4094A9979B6A}.Debug|Any CPU.ActiveCfg = Debug|Any CPU
		{04067635-675D-492F-9AA9-4094A9979B6A}.Debug|Any CPU.Build.0 = Debug|Any CPU
		{04067635-675D-492F-9AA9-4094A9979B6A}.Release|Any CPU.ActiveCfg = Release|Any CPU
		{04067635-675D-492F-9AA9-4094A9979B6A}.Release|Any CPU.Build.0 = Release|Any CPU
		{33F894A7-21CB-4A9D-B17F-1D43066246EA}.Debug|Any CPU.ActiveCfg = Debug|Any CPU
		{33F894A7-21CB-4A9D-B17F-1D43066246EA}.Debug|Any CPU.Build.0 = Debug|Any CPU
		{33F894A7-21CB-4A9D-B17F-1D43066246EA}.Release|Any CPU.ActiveCfg = Release|Any CPU
		{33F894A7-21CB-4A9D-B17F-1D43066246EA}.Release|Any CPU.Build.0 = Release|Any CPU
		{C4819887-6EFB-4BD6-8182-EDEE07FAA7F0}.Debug|Any CPU.ActiveCfg = Debug|Any CPU
		{C4819887-6EFB-4BD6-8182-EDEE07FAA7F0}.Debug|Any CPU.Build.0 = Debug|Any CPU
		{C4819887-6EFB-4BD6-8182-EDEE07FAA7F0}.Release|Any CPU.ActiveCfg = Release|Any CPU
		{C4819887-6EFB-4BD6-8182-EDEE07FAA7F0}.Release|Any CPU.Build.0 = Release|Any CPU
		{11814389-718D-43B3-89AA-B5BCDDDDBD23}.Debug|Any CPU.ActiveCfg = Debug|Any CPU
		{11814389-718D-43B3-89AA-B5BCDDDDBD23}.Debug|Any CPU.Build.0 = Debug|Any CPU
		{11814389-718D-43B3-89AA-B5BCDDDDBD23}.Release|Any CPU.ActiveCfg = Release|Any CPU
		{11814389-718D-43B3-89AA-B5BCDDDDBD23}.Release|Any CPU.Build.0 = Release|Any CPU
		{8191172C-7388-4A0D-8BB6-15377DB6AAAB}.Debug|Any CPU.ActiveCfg = Debug|Any CPU
		{8191172C-7388-4A0D-8BB6-15377DB6AAAB}.Debug|Any CPU.Build.0 = Debug|Any CPU
		{8191172C-7388-4A0D-8BB6-15377DB6AAAB}.Release|Any CPU.ActiveCfg = Release|Any CPU
		{8191172C-7388-4A0D-8BB6-15377DB6AAAB}.Release|Any CPU.Build.0 = Release|Any CPU
		{FD30E47E-C161-4839-92E6-A442F160A8E4}.Debug|Any CPU.ActiveCfg = Debug|Any CPU
		{FD30E47E-C161-4839-92E6-A442F160A8E4}.Debug|Any CPU.Build.0 = Debug|Any CPU
		{FD30E47E-C161-4839-92E6-A442F160A8E4}.Release|Any CPU.ActiveCfg = Release|Any CPU
		{FD30E47E-C161-4839-92E6-A442F160A8E4}.Release|Any CPU.Build.0 = Release|Any CPU
		{8A6CF8DE-CCE6-4F0A-954A-8E32A052A27B}.Debug|Any CPU.ActiveCfg = Debug|Any CPU
		{8A6CF8DE-CCE6-4F0A-954A-8E32A052A27B}.Debug|Any CPU.Build.0 = Debug|Any CPU
		{8A6CF8DE-CCE6-4F0A-954A-8E32A052A27B}.Release|Any CPU.ActiveCfg = Release|Any CPU
		{8A6CF8DE-CCE6-4F0A-954A-8E32A052A27B}.Release|Any CPU.Build.0 = Release|Any CPU
		{57F67749-D9FC-4954-B51D-CCA170008EDC}.Debug|Any CPU.ActiveCfg = Debug|Any CPU
		{57F67749-D9FC-4954-B51D-CCA170008EDC}.Debug|Any CPU.Build.0 = Debug|Any CPU
		{57F67749-D9FC-4954-B51D-CCA170008EDC}.Release|Any CPU.ActiveCfg = Release|Any CPU
		{57F67749-D9FC-4954-B51D-CCA170008EDC}.Release|Any CPU.Build.0 = Release|Any CPU
		{E3A06240-D7DA-40ED-91DC-8533A1004FA9}.Debug|Any CPU.ActiveCfg = Debug|Any CPU
		{E3A06240-D7DA-40ED-91DC-8533A1004FA9}.Debug|Any CPU.Build.0 = Debug|Any CPU
		{E3A06240-D7DA-40ED-91DC-8533A1004FA9}.Release|Any CPU.ActiveCfg = Release|Any CPU
		{E3A06240-D7DA-40ED-91DC-8533A1004FA9}.Release|Any CPU.Build.0 = Release|Any CPU
		{8BE0F043-A3EA-436F-85C2-8DE0E0D938EC}.Debug|Any CPU.ActiveCfg = Debug|Any CPU
		{8BE0F043-A3EA-436F-85C2-8DE0E0D938EC}.Debug|Any CPU.Build.0 = Debug|Any CPU
		{8BE0F043-A3EA-436F-85C2-8DE0E0D938EC}.Release|Any CPU.ActiveCfg = Release|Any CPU
		{8BE0F043-A3EA-436F-85C2-8DE0E0D938EC}.Release|Any CPU.Build.0 = Release|Any CPU
		{3F4ADF84-8190-4354-9CEB-C554036BFA48}.Debug|Any CPU.ActiveCfg = Debug|Any CPU
		{3F4ADF84-8190-4354-9CEB-C554036BFA48}.Debug|Any CPU.Build.0 = Debug|Any CPU
		{3F4ADF84-8190-4354-9CEB-C554036BFA48}.Release|Any CPU.ActiveCfg = Release|Any CPU
		{3F4ADF84-8190-4354-9CEB-C554036BFA48}.Release|Any CPU.Build.0 = Release|Any CPU
		{3A3B739C-666C-4FFC-9616-9AA401BBFEA3}.Debug|Any CPU.ActiveCfg = Debug|Any CPU
		{3A3B739C-666C-4FFC-9616-9AA401BBFEA3}.Debug|Any CPU.Build.0 = Debug|Any CPU
		{3A3B739C-666C-4FFC-9616-9AA401BBFEA3}.Release|Any CPU.ActiveCfg = Release|Any CPU
		{3A3B739C-666C-4FFC-9616-9AA401BBFEA3}.Release|Any CPU.Build.0 = Release|Any CPU
		{3E6DACC2-E567-4639-9A6B-537D32E6D293}.Debug|Any CPU.ActiveCfg = Debug|Any CPU
		{3E6DACC2-E567-4639-9A6B-537D32E6D293}.Debug|Any CPU.Build.0 = Debug|Any CPU
		{3E6DACC2-E567-4639-9A6B-537D32E6D293}.Release|Any CPU.ActiveCfg = Release|Any CPU
		{3E6DACC2-E567-4639-9A6B-537D32E6D293}.Release|Any CPU.Build.0 = Release|Any CPU
		{F675176F-531F-431B-A4FA-4403EBF99CB0}.Debug|Any CPU.ActiveCfg = Debug|Any CPU
		{F675176F-531F-431B-A4FA-4403EBF99CB0}.Debug|Any CPU.Build.0 = Debug|Any CPU
		{F675176F-531F-431B-A4FA-4403EBF99CB0}.Release|Any CPU.ActiveCfg = Release|Any CPU
		{F675176F-531F-431B-A4FA-4403EBF99CB0}.Release|Any CPU.Build.0 = Release|Any CPU
		{7124A4ED-9198-4C21-90B8-ECA74F471AF4}.Debug|Any CPU.ActiveCfg = Debug|Any CPU
		{7124A4ED-9198-4C21-90B8-ECA74F471AF4}.Debug|Any CPU.Build.0 = Debug|Any CPU
		{7124A4ED-9198-4C21-90B8-ECA74F471AF4}.Release|Any CPU.ActiveCfg = Release|Any CPU
		{7124A4ED-9198-4C21-90B8-ECA74F471AF4}.Release|Any CPU.Build.0 = Release|Any CPU
		{80F49A27-4580-4ECE-9E17-8D1954B0A90F}.Debug|Any CPU.ActiveCfg = Debug|Any CPU
		{80F49A27-4580-4ECE-9E17-8D1954B0A90F}.Debug|Any CPU.Build.0 = Debug|Any CPU
		{80F49A27-4580-4ECE-9E17-8D1954B0A90F}.Release|Any CPU.ActiveCfg = Release|Any CPU
		{80F49A27-4580-4ECE-9E17-8D1954B0A90F}.Release|Any CPU.Build.0 = Release|Any CPU
		{142E34A4-6B6B-4D78-AA56-5DDC6E4D0C18}.Debug|Any CPU.ActiveCfg = Debug|Any CPU
		{142E34A4-6B6B-4D78-AA56-5DDC6E4D0C18}.Debug|Any CPU.Build.0 = Debug|Any CPU
		{142E34A4-6B6B-4D78-AA56-5DDC6E4D0C18}.Release|Any CPU.ActiveCfg = Release|Any CPU
		{142E34A4-6B6B-4D78-AA56-5DDC6E4D0C18}.Release|Any CPU.Build.0 = Release|Any CPU
		{ADAD0891-149F-4BF8-A03B-07079DF03436}.Debug|Any CPU.ActiveCfg = Debug|Any CPU
		{ADAD0891-149F-4BF8-A03B-07079DF03436}.Debug|Any CPU.Build.0 = Debug|Any CPU
		{ADAD0891-149F-4BF8-A03B-07079DF03436}.Release|Any CPU.ActiveCfg = Release|Any CPU
		{ADAD0891-149F-4BF8-A03B-07079DF03436}.Release|Any CPU.Build.0 = Release|Any CPU
		{A80E047F-B843-409E-ACDE-1812BB6BC7C1}.Debug|Any CPU.ActiveCfg = Debug|Any CPU
		{A80E047F-B843-409E-ACDE-1812BB6BC7C1}.Debug|Any CPU.Build.0 = Debug|Any CPU
		{A80E047F-B843-409E-ACDE-1812BB6BC7C1}.Release|Any CPU.ActiveCfg = Release|Any CPU
		{A80E047F-B843-409E-ACDE-1812BB6BC7C1}.Release|Any CPU.Build.0 = Release|Any CPU
	EndGlobalSection
	GlobalSection(SolutionProperties) = preSolution
		HideSolutionNode = FALSE
	EndGlobalSection
	GlobalSection(ExtensibilityGlobals) = postSolution
		SolutionGuid = {17AF35FD-8B05-4E6C-B74E-AE040EC660A7}
	EndGlobalSection
EndGlobal
