
Microsoft Visual Studio Solution File, Format Version 12.00
# Visual Studio Version 17
VisualStudioVersion = 17.9.34728.123
MinimumVisualStudioVersion = 10.0.40219.1
Project("{9A19103F-16F7-4668-BE54-9A1E7A4F7556}") = "Exercise1", "Exercise1\Exercise1.csproj", "{65D073EE-1A8E-409A-A70A-E67B95254C47}"
EndProject
Project("{9A19103F-16F7-4668-BE54-9A1E7A4F7556}") = "Exercise2", "Exercise2\Exercise2.csproj", "{8970A443-3FA5-490F-B2FA-F8A03B77BB6B}"
EndProject
Project("{FAE04EC0-301F-11D3-BF4B-00C04F79EFBC}") = "Exercise3", "Exercise3\Exercise3.csproj", "{78846239-FDA7-4E57-AC98-4D00E3791FA2}"
EndProject
Project("{FAE04EC0-301F-11D3-BF4B-00C04F79EFBC}") = "Exercise4", "Exercise4\Exercise4.csproj", "{DF8B415A-BB91-4762-9565-71ECFB569C02}"
EndProject
Project("{FAE04EC0-301F-11D3-BF4B-00C04F79EFBC}") = "Exercise5", "Exercise5\Exercise5.csproj", "{DA891606-5B6D-40A7-B20F-E6EC353C5807}"
EndProject
Project("{FAE04EC0-301F-11D3-BF4B-00C04F79EFBC}") = "Exercise6", "Exercise6\Exercise6.csproj", "{661A7CFE-0AB5-4850-8429-02F802F869E6}"
EndProject
Project("{FAE04EC0-301F-11D3-BF4B-00C04F79EFBC}") = "Exercise7", "Exercise7\Exercise7.csproj", "{BD01E504-1309-4F32-BF34-060B953680BD}"
EndProject
Project("{FAE04EC0-301F-11D3-BF4B-00C04F79EFBC}") = "Exercise8", "Exercise8\Exercise8.csproj", "{397F7A3F-63F3-46A0-8533-59D79CF746E6}"
EndProject
Project("{FAE04EC0-301F-11D3-BF4B-00C04F79EFBC}") = "Exercise9", "Exercise9\Exercise9.csproj", "{1A3FA51F-3F19-4EFD-BBBA-6A4EB871B43A}"
EndProject
Project("{FAE04EC0-301F-11D3-BF4B-00C04F79EFBC}") = "Exercise10", "Exercise10\Exercise10.csproj", "{4BBB9ED0-D4C2-47B1-8EC5-AE9CF06E084F}"
EndProject
Project("{FAE04EC0-301F-11D3-BF4B-00C04F79EFBC}") = "Exercise11", "Exercise11\Exercise11.csproj", "{6DF80486-D35F-418A-8975-4F8B6DD3B012}"
EndProject
Project("{FAE04EC0-301F-11D3-BF4B-00C04F79EFBC}") = "Exercise12", "Exercise12\Exercise12.csproj", "{97D774B9-F1CF-408D-B247-9FD3C39AAC47}"
EndProject
Project("{FAE04EC0-301F-11D3-BF4B-00C04F79EFBC}") = "Exercise13", "Exercise13\Exercise13.csproj", "{A2F9C7C4-BECD-4AB6-BEE3-1EA1BA884DC4}"
EndProject
Project("{FAE04EC0-301F-11D3-BF4B-00C04F79EFBC}") = "Exercise14", "Exercise14\Exercise14.csproj", "{A4551FEC-00D0-4C34-B5EC-863C1AD987BF}"
EndProject
Project("{FAE04EC0-301F-11D3-BF4B-00C04F79EFBC}") = "Exercise15", "Exercise15\Exercise15.csproj", "{FC47219D-A34D-420C-B798-6843A095E482}"
EndProject
Global
	GlobalSection(SolutionConfigurationPlatforms) = preSolution
		Debug|Any CPU = Debug|Any CPU
		Release|Any CPU = Release|Any CPU
	EndGlobalSection
	GlobalSection(ProjectConfigurationPlatforms) = postSolution
		{65D073EE-1A8E-409A-A70A-E67B95254C47}.Debug|Any CPU.ActiveCfg = Debug|Any CPU
		{65D073EE-1A8E-409A-A70A-E67B95254C47}.Debug|Any CPU.Build.0 = Debug|Any CPU
		{65D073EE-1A8E-409A-A70A-E67B95254C47}.Release|Any CPU.ActiveCfg = Release|Any CPU
		{65D073EE-1A8E-409A-A70A-E67B95254C47}.Release|Any CPU.Build.0 = Release|Any CPU
		{8970A443-3FA5-490F-B2FA-F8A03B77BB6B}.Debug|Any CPU.ActiveCfg = Debug|Any CPU
		{8970A443-3FA5-490F-B2FA-F8A03B77BB6B}.Debug|Any CPU.Build.0 = Debug|Any CPU
		{8970A443-3FA5-490F-B2FA-F8A03B77BB6B}.Release|Any CPU.ActiveCfg = Release|Any CPU
		{8970A443-3FA5-490F-B2FA-F8A03B77BB6B}.Release|Any CPU.Build.0 = Release|Any CPU
		{78846239-FDA7-4E57-AC98-4D00E3791FA2}.Debug|Any CPU.ActiveCfg = Debug|Any CPU
		{78846239-FDA7-4E57-AC98-4D00E3791FA2}.Debug|Any CPU.Build.0 = Debug|Any CPU
		{78846239-FDA7-4E57-AC98-4D00E3791FA2}.Release|Any CPU.ActiveCfg = Release|Any CPU
		{78846239-FDA7-4E57-AC98-4D00E3791FA2}.Release|Any CPU.Build.0 = Release|Any CPU
		{DF8B415A-BB91-4762-9565-71ECFB569C02}.Debug|Any CPU.ActiveCfg = Debug|Any CPU
		{DF8B415A-BB91-4762-9565-71ECFB569C02}.Debug|Any CPU.Build.0 = Debug|Any CPU
		{DF8B415A-BB91-4762-9565-71ECFB569C02}.Release|Any CPU.ActiveCfg = Release|Any CPU
		{DF8B415A-BB91-4762-9565-71ECFB569C02}.Release|Any CPU.Build.0 = Release|Any CPU
		{DA891606-5B6D-40A7-B20F-E6EC353C5807}.Debug|Any CPU.ActiveCfg = Debug|Any CPU
		{DA891606-5B6D-40A7-B20F-E6EC353C5807}.Debug|Any CPU.Build.0 = Debug|Any CPU
		{DA891606-5B6D-40A7-B20F-E6EC353C5807}.Release|Any CPU.ActiveCfg = Release|Any CPU
		{DA891606-5B6D-40A7-B20F-E6EC353C5807}.Release|Any CPU.Build.0 = Release|Any CPU
		{661A7CFE-0AB5-4850-8429-02F802F869E6}.Debug|Any CPU.ActiveCfg = Debug|Any CPU
		{661A7CFE-0AB5-4850-8429-02F802F869E6}.Debug|Any CPU.Build.0 = Debug|Any CPU
		{661A7CFE-0AB5-4850-8429-02F802F869E6}.Release|Any CPU.ActiveCfg = Release|Any CPU
		{661A7CFE-0AB5-4850-8429-02F802F869E6}.Release|Any CPU.Build.0 = Release|Any CPU
		{BD01E504-1309-4F32-BF34-060B953680BD}.Debug|Any CPU.ActiveCfg = Debug|Any CPU
		{BD01E504-1309-4F32-BF34-060B953680BD}.Debug|Any CPU.Build.0 = Debug|Any CPU
		{BD01E504-1309-4F32-BF34-060B953680BD}.Release|Any CPU.ActiveCfg = Release|Any CPU
		{BD01E504-1309-4F32-BF34-060B953680BD}.Release|Any CPU.Build.0 = Release|Any CPU
		{397F7A3F-63F3-46A0-8533-59D79CF746E6}.Debug|Any CPU.ActiveCfg = Debug|Any CPU
		{397F7A3F-63F3-46A0-8533-59D79CF746E6}.Debug|Any CPU.Build.0 = Debug|Any CPU
		{397F7A3F-63F3-46A0-8533-59D79CF746E6}.Release|Any CPU.ActiveCfg = Release|Any CPU
		{397F7A3F-63F3-46A0-8533-59D79CF746E6}.Release|Any CPU.Build.0 = Release|Any CPU
		{1A3FA51F-3F19-4EFD-BBBA-6A4EB871B43A}.Debug|Any CPU.ActiveCfg = Debug|Any CPU
		{1A3FA51F-3F19-4EFD-BBBA-6A4EB871B43A}.Debug|Any CPU.Build.0 = Debug|Any CPU
		{1A3FA51F-3F19-4EFD-BBBA-6A4EB871B43A}.Release|Any CPU.ActiveCfg = Release|Any CPU
		{1A3FA51F-3F19-4EFD-BBBA-6A4EB871B43A}.Release|Any CPU.Build.0 = Release|Any CPU
		{4BBB9ED0-D4C2-47B1-8EC5-AE9CF06E084F}.Debug|Any CPU.ActiveCfg = Debug|Any CPU
		{4BBB9ED0-D4C2-47B1-8EC5-AE9CF06E084F}.Debug|Any CPU.Build.0 = Debug|Any CPU
		{4BBB9ED0-D4C2-47B1-8EC5-AE9CF06E084F}.Release|Any CPU.ActiveCfg = Release|Any CPU
		{4BBB9ED0-D4C2-47B1-8EC5-AE9CF06E084F}.Release|Any CPU.Build.0 = Release|Any CPU
		{6DF80486-D35F-418A-8975-4F8B6DD3B012}.Debug|Any CPU.ActiveCfg = Debug|Any CPU
		{6DF80486-D35F-418A-8975-4F8B6DD3B012}.Debug|Any CPU.Build.0 = Debug|Any CPU
		{6DF80486-D35F-418A-8975-4F8B6DD3B012}.Release|Any CPU.ActiveCfg = Release|Any CPU
		{6DF80486-D35F-418A-8975-4F8B6DD3B012}.Release|Any CPU.Build.0 = Release|Any CPU
		{97D774B9-F1CF-408D-B247-9FD3C39AAC47}.Debug|Any CPU.ActiveCfg = Debug|Any CPU
		{97D774B9-F1CF-408D-B247-9FD3C39AAC47}.Debug|Any CPU.Build.0 = Debug|Any CPU
		{97D774B9-F1CF-408D-B247-9FD3C39AAC47}.Release|Any CPU.ActiveCfg = Release|Any CPU
		{97D774B9-F1CF-408D-B247-9FD3C39AAC47}.Release|Any CPU.Build.0 = Release|Any CPU
		{A2F9C7C4-BECD-4AB6-BEE3-1EA1BA884DC4}.Debug|Any CPU.ActiveCfg = Debug|Any CPU
		{A2F9C7C4-BECD-4AB6-BEE3-1EA1BA884DC4}.Debug|Any CPU.Build.0 = Debug|Any CPU
		{A2F9C7C4-BECD-4AB6-BEE3-1EA1BA884DC4}.Release|Any CPU.ActiveCfg = Release|Any CPU
		{A2F9C7C4-BECD-4AB6-BEE3-1EA1BA884DC4}.Release|Any CPU.Build.0 = Release|Any CPU
		{A4551FEC-00D0-4C34-B5EC-863C1AD987BF}.Debug|Any CPU.ActiveCfg = Debug|Any CPU
		{A4551FEC-00D0-4C34-B5EC-863C1AD987BF}.Debug|Any CPU.Build.0 = Debug|Any CPU
		{A4551FEC-00D0-4C34-B5EC-863C1AD987BF}.Release|Any CPU.ActiveCfg = Release|Any CPU
		{A4551FEC-00D0-4C34-B5EC-863C1AD987BF}.Release|Any CPU.Build.0 = Release|Any CPU
		{FC47219D-A34D-420C-B798-6843A095E482}.Debug|Any CPU.ActiveCfg = Debug|Any CPU
		{FC47219D-A34D-420C-B798-6843A095E482}.Debug|Any CPU.Build.0 = Debug|Any CPU
		{FC47219D-A34D-420C-B798-6843A095E482}.Release|Any CPU.ActiveCfg = Release|Any CPU
		{FC47219D-A34D-420C-B798-6843A095E482}.Release|Any CPU.Build.0 = Release|Any CPU
	EndGlobalSection
	GlobalSection(SolutionProperties) = preSolution
		HideSolutionNode = FALSE
	EndGlobalSection
	GlobalSection(ExtensibilityGlobals) = postSolution
		SolutionGuid = {17AF35FD-8B05-4E6C-B74E-AE040EC660A7}
	EndGlobalSection
EndGlobal
